github.com/BurntSushi/toml v0.3.1 h1:WXkYYl6Yr3qBf1K79EBnL4mak0OimBfB0XUf9Vl28OQ=
github.com/BurntSushi/toml v0.3.1/go.mod h1:xHWCNGjB5oqiDr8zfno3MHue2Ht5sIBksp03qcyfWMU=
github.com/jeffreydwalter/arlo-golang v0.0.0-20180922194811-c29dd1066dee h1:FeqNSpCSVy1sSk6mzyp2oba49kEGUlajcXe2i1H7axs=
github.com/jeffreydwalter/arlo-golang v0.0.0-20180922194811-c29dd1066dee/go.mod h1:4DI3pZtdpxqzouUvn6tMbc50V9ZxPR7R87YFHbvdmyY=
github.com/pkg/errors v0.8.0 h1:WdK/asTD0HN+q6hsWO3/vpuAkAr+tw6aNJNDFFf0+qw=
github.com/pkg/errors v0.8.0/go.mod h1:bwawxfHBFNV+L2hUp1rHADufV3IMtnDRdf1r5NINEl0=
github.com/r3labs/sse v0.0.0-20181203121225-f81257c4e655 h1:tB5yrhVwuksJHqbg6vIjUOfxGrwBDg3OZTT+QbPzJvY=
github.com/r3labs/sse v0.0.0-20181203121225-f81257c4e655/go.mod h1:GFTLGeO4uhsAhDsI1GgKFTegVYuNZ6g5qJ15Mheq7cI=
golang.org/x/net v0.0.0-20181207154023-610586996380 h1:zPQexyRtNYBc7bcHmehl1dH6TB3qn8zytv8cBGLDNY0=
golang.org/x/net v0.0.0-20181207154023-610586996380/go.mod h1:mL1N/T3taQHkDXs73rZJwtUhF3w3ftmwwsq0BUmARs4=
gopkg.in/cenkalti/backoff.v1 v1.1.0 h1:Arh75ttbsvlpVA7WtVpH4u9h6Zl46xuptxqLxPiSo4Y=
gopkg.in/cenkalti/backoff.v1 v1.1.0/go.mod h1:J6Vskwqd+OMVJl8C33mmtxTBs2gyzfv7UDAkHu8BrjI=
